lockfileVersion: '9.0'

settings:
  autoInstallPeers: true
  excludeLinksFromLockfile: false

importers:

  .:
    dependencies:
      '@react-three/fiber':
        specifier: ^9.4.2
        version: 9.4.2(@types/react@19.2.7)(react@19.2.2)(three@0.182.0)
      '@types/three':
        specifier: ^0.182.0
        version: 0.182.0

packages:

  '@babel/runtime@7.28.4':
    resolution: {integrity: sha512-Q/N6JNWvIvPnLDvjlE1OUBLPQHH6l3CltCEsHIujp45zQUSSh8K+gHnaEX45yAT1nyngnINhvWtzN+Nb9D8RAQ==}
    engines: {node: '>=6.9.0'}

  '@dimforge/rapier3d-compat@0.12.0':
    resolution: {integrity: sha512-uekIGetywIgopfD97oDL5PfeezkFpNhwlzlaEYNOA0N6ghdsOvh/HYjSMek5Q2O1PYvRSDFcqFVJl4r4ZBwOow==}

  '@react-three/fiber@9.4.2':
    resolution: {integrity: sha512-H4B4+FDNHpvIb4FmphH4ubxOfX5bxmfOw0+3pkQwR9u9wFiyMS7wUDkNn0m4RqQuiLWeia9jfN1eBvtyAVGEog==}
    peerDependencies:
      expo: '>=43.0'
      expo-asset: '>=8.4'
      expo-file-system: '>=11.0'
      expo-gl: '>=11.0'
      react: ^19.0.0
      react-dom: ^19.0.0
      react-native: '>=0.78'
      three: '>=0.156'
    peerDependenciesMeta:
      expo:
        optional: true
      expo-asset:
        optional: true
      expo-file-system:
        optional: true
      expo-gl:
        optional: true
      react-dom:
        optional: true
      react-native:
        optional: true

  '@tweenjs/tween.js@23.1.3':
    resolution: {integrity: sha512-vJmvvwFxYuGnF2axRtPYocag6Clbb5YS7kLL+SO/TeVFzHqDIWrNKYtcsPMibjDx9O+bu+psAy9NKfWklassUA==}

  '@types/react-reconciler@0.28.9':
    resolution: {integrity: sha512-HHM3nxyUZ3zAylX8ZEyrDNd2XZOnQ0D5XfunJF5FLQnZbHHYq4UWvW1QfelQNXv1ICNkwYhfxjwfnqivYB6bFg==}
    peerDependencies:
      '@types/react': '*'

  '@types/react-reconciler@0.32.3':
    resolution: {integrity: sha512-cMi5ZrLG7UtbL7LTK6hq9w/EZIRk4Mf1Z5qHoI+qBh7/WkYkFXQ7gOto2yfUvPzF5ERMAhaXS5eTQ2SAnHjLzA==}
    peerDependencies:
      '@types/react': '*'

  '@types/react@19.2.7':
    resolution: {integrity: sha512-MWtvHrGZLFttgeEj28VXHxpmwYbor/ATPYbBfSFZEIRK0ecCFLl2Qo55z52Hss+UV9CRN7trSeq1zbgx7YDWWg==}

  '@types/stats.js@0.17.4':
    resolution: {integrity: sha512-jIBvWWShCvlBqBNIZt0KAshWpvSjhkwkEu4ZUcASoAvhmrgAUI2t1dXrjSL4xXVLB4FznPrIsX3nKXFl/Dt4vA==}

  '@types/three@0.182.0':
    resolution: {integrity: sha512-WByN9V3Sbwbe2OkWuSGyoqQO8Du6yhYaXtXLoA5FkKTUJorZ+yOHBZ35zUUPQXlAKABZmbYp5oAqpA4RBjtJ/Q==}

  '@types/webxr@0.5.24':
    resolution: {integrity: sha512-h8fgEd/DpoS9CBrjEQXR+dIDraopAEfu4wYVNY2tEPwk60stPWhvZMf4Foo5FakuQ7HFZoa8WceaWFervK2Ovg==}

  '@webgpu/types@0.1.67':
    resolution: {integrity: sha512-uk53+2ECGUkWoDFez/hymwpRfdgdIn6y1ref70fEecGMe5607f4sozNFgBk0oxlr7j2CRGWBEc3IBYMmFdGGTQ==}

  base64-js@1.5.1:
    resolution: {integrity: sha512-AKpaYlHn8t4SVbOHCy+b5+KKgvR4vrsD8vbvrbiQJps7fKDTkjkDry6ji0rUJjC0kzbNePLwzxq8iypo41qeWA==}

  buffer@6.0.3:
    resolution: {integrity: sha512-FTiCpNxtwiZZHEZbcbTIcZjERVICn9yq/pDFkTl95/AxzD1naBctN7YO68riM/gLSDY7sdrMby8hofADYuuqOA==}

  csstype@3.2.3:
    resolution: {integrity: sha512-z1HGKcYy2xA8AGQfwrn0PAy+PB7X/GSj3UVJW9qKyn43xWa+gl5nXmU4qqLMRzWVLFC8KusUX8T/0kCiOYpAIQ==}

  fflate@0.8.2:
    resolution: {integrity: sha512-cPJU47OaAoCbg0pBvzsgpTPhmhqI5eJjh/JIu8tPj5q+T7iLvW/JAYUqmE7KOB4R1ZyEhzBaIQpQpardBF5z8A==}

  ieee754@1.2.1:
    resolution: {integrity: sha512-dcyqhDvX1C46lXZcVqCpK+FtMRQVdIMN6/Df5js2zouUsqG7I6sFxitIC+7KYK29KdXOLHdu9zL4sFnoVQnqaA==}

  its-fine@2.0.0:
    resolution: {integrity: sha512-KLViCmWx94zOvpLwSlsx6yOCeMhZYaxrJV87Po5k/FoZzcPSahvK5qJ7fYhS61sZi5ikmh2S3Hz55A2l3U69ng==}
    peerDependencies:
      react: ^19.0.0

  meshoptimizer@0.22.0:
    resolution: {integrity: sha512-IebiK79sqIy+E4EgOr+CAw+Ke8hAspXKzBd0JdgEmPHiAwmvEj2S4h1rfvo+o/BnfEYd/jAOg5IeeIjzlzSnDg==}

  react-reconciler@0.31.0:
    resolution: {integrity: sha512-7Ob7Z+URmesIsIVRjnLoDGwBEG/tVitidU0nMsqX/eeJaLY89RISO/10ERe0MqmzuKUUB1rmY+h1itMbUHg9BQ==}
    engines: {node: '>=0.10.0'}
    peerDependencies:
      react: ^19.0.0

  react-use-measure@2.1.7:
    resolution: {integrity: sha512-KrvcAo13I/60HpwGO5jpW7E9DfusKyLPLvuHlUyP5zqnmAPhNc6qTRjUQrdTADl0lpPpDVU2/Gg51UlOGHXbdg==}
    peerDependencies:
      react: '>=16.13'
      react-dom: '>=16.13'
    peerDependenciesMeta:
      react-dom:
        optional: true

  react@19.2.2:
    resolution: {integrity: sha512-BdOGOY8OKRBcgoDkwqA8Q5XvOIhoNx/Sh6BnGJlet2Abt0X5BK0BDrqGyQgLhAVjD2nAg5f6o01u/OPUhG022Q==}
    engines: {node: '>=0.10.0'}

  scheduler@0.25.0:
    resolution: {integrity: sha512-xFVuu11jh+xcO7JOAGJNOXld8/TcEHK/4CituBUeUb5hqxJLj9YuemAEuvm9gQ/+pgXYfbQuqAkiYu+u7YEsNA==}

  suspend-react@0.1.3:
    resolution: {integrity: sha512-aqldKgX9aZqpoDp3e8/BZ8Dm7x1pJl+qI3ZKxDN0i/IQTWUwBx/ManmlVJ3wowqbno6c2bmiIfs+Um6LbsjJyQ==}
    peerDependencies:
      react: '>=17.0'

  three@0.182.0:
    resolution: {integrity: sha512-GbHabT+Irv+ihI1/f5kIIsZ+Ef9Sl5A1Y7imvS5RQjWgtTPfPnZ43JmlYI7NtCRDK9zir20lQpfg8/9Yd02OvQ==}

  use-sync-external-store@1.6.0:
    resolution: {integrity: sha512-Pp6GSwGP/NrPIrxVFAIkOQeyw8lFenOHijQWkUTrDvrF4ALqylP2C/KCkeS9dpUM3KvYRQhna5vt7IL95+ZQ9w==}
    peerDependencies:
      react: ^16.8.0 || ^17.0.0 || ^18.0.0 || ^19.0.0

  zustand@5.0.9:
    resolution: {integrity: sha512-ALBtUj0AfjJt3uNRQoL1tL2tMvj6Gp/6e39dnfT6uzpelGru8v1tPOGBzayOWbPJvujM8JojDk3E1LxeFisBNg==}
    engines: {node: '>=12.20.0'}
    peerDependencies:
      '@types/react': '>=18.0.0'
      immer: '>=9.0.6'
      react: '>=18.0.0'
      use-sync-external-store: '>=1.2.0'
    peerDependenciesMeta:
      '@types/react':
        optional: true
      immer:
        optional: true
      react:
        optional: true
      use-sync-external-store:
        optional: true

snapshots:

  '@babel/runtime@7.28.4': {}

  '@dimforge/rapier3d-compat@0.12.0': {}

  '@react-three/fiber@9.4.2(@types/react@19.2.7)(react@19.2.2)(three@0.182.0)':
    dependencies:
      '@babel/runtime': 7.28.4
      '@types/react-reconciler': 0.32.3(@types/react@19.2.7)
      '@types/webxr': 0.5.24
      base64-js: 1.5.1
      buffer: 6.0.3
      its-fine: 2.0.0(@types/react@19.2.7)(react@19.2.2)
      react: 19.2.2
      react-reconciler: 0.31.0(react@19.2.2)
      react-use-measure: 2.1.7(react@19.2.2)
      scheduler: 0.25.0
      suspend-react: 0.1.3(react@19.2.2)
      three: 0.182.0
      use-sync-external-store: 1.6.0(react@19.2.2)
      zustand: 5.0.9(@types/react@19.2.7)(react@19.2.2)(use-sync-external-store@1.6.0(react@19.2.2))
    transitivePeerDependencies:
      - '@types/react'
      - immer

  '@tweenjs/tween.js@23.1.3': {}

  '@types/react-reconciler@0.28.9(@types/react@19.2.7)':
    dependencies:
      '@types/react': 19.2.7

  '@types/react-reconciler@0.32.3(@types/react@19.2.7)':
    dependencies:
      '@types/react': 19.2.7

  '@types/react@19.2.7':
    dependencies:
      csstype: 3.2.3

  '@types/stats.js@0.17.4': {}

  '@types/three@0.182.0':
    dependencies:
      '@dimforge/rapier3d-compat': 0.12.0
      '@tweenjs/tween.js': 23.1.3
      '@types/stats.js': 0.17.4
      '@types/webxr': 0.5.24
      '@webgpu/types': 0.1.67
      fflate: 0.8.2
      meshoptimizer: 0.22.0

  '@types/webxr@0.5.24': {}

  '@webgpu/types@0.1.67': {}

  base64-js@1.5.1: {}

  buffer@6.0.3:
    dependencies:
      base64-js: 1.5.1
      ieee754: 1.2.1

  csstype@3.2.3: {}

  fflate@0.8.2: {}

  ieee754@1.2.1: {}

  its-fine@2.0.0(@types/react@19.2.7)(react@19.2.2):
    dependencies:
      '@types/react-reconciler': 0.28.9(@types/react@19.2.7)
      react: 19.2.2
    transitivePeerDependencies:
      - '@types/react'

  meshoptimizer@0.22.0: {}

  react-reconciler@0.31.0(react@19.2.2):
    dependencies:
      react: 19.2.2
      scheduler: 0.25.0

  react-use-measure@2.1.7(react@19.2.2):
    dependencies:
      react: 19.2.2

  react@19.2.2: {}

  scheduler@0.25.0: {}

  suspend-react@0.1.3(react@19.2.2):
    dependencies:
      react: 19.2.2

  three@0.182.0: {}

  use-sync-external-store@1.6.0(react@19.2.2):
    dependencies:
      react: 19.2.2

  zustand@5.0.9(@types/react@19.2.7)(react@19.2.2)(use-sync-external-store@1.6.0(react@19.2.2)):
    optionalDependencies:
      '@types/react': 19.2.7
      react: 19.2.2
      use-sync-external-store: 1.6.0(react@19.2.2)
